// !$*UTF8*$!
{
	archiveVersion = 1;
	classes = {
	};
	objectVersion = 50;
	objects = {

/* Begin PBXBuildFile section */
		FEF87DB621976A1900EFAD77 /* AppDelegate.swift in Sources */ = {isa = PBXBuildFile; fileRef = FEF87DB521976A1900EFAD77 /* AppDelegate.swift */; };
		FEF87DB821976A1900EFAD77 /* MainController.swift in Sources */ = {isa = PBXBuildFile; fileRef = FEF87DB721976A1900EFAD77 /* MainController.swift */; };
		FEF87DBB21976A1900EFAD77 /* Main.storyboard in Resources */ = {isa = PBXBuildFile; fileRef = FEF87DB921976A1900EFAD77 /* Main.storyboard */; };
		FEF87DBD21976A1A00EFAD77 /* Assets.xcassets in Resources */ = {isa = PBXBuildFile; fileRef = FEF87DBC21976A1A00EFAD77 /* Assets.xcassets */; };
		FEF87DC021976A1A00EFAD77 /* LaunchScreen.storyboard in Resources */ = {isa = PBXBuildFile; fileRef = FEF87DBE21976A1A00EFAD77 /* LaunchScreen.storyboard */; };
		FEF87DCB21976A1A00EFAD77 /* BuildMeTests.swift in Sources */ = {isa = PBXBuildFile; fileRef = FEF87DCA21976A1A00EFAD77 /* BuildMeTests.swift */; };
		FEF87DD621976A1A00EFAD77 /* BuildMeUITests.swift in Sources */ = {isa = PBXBuildFile; fileRef = FEF87DD521976A1A00EFAD77 /* BuildMeUITests.swift */; };
		FEF87DE421976BBF00EFAD77 /* Docs.string.swift in Sources */ = {isa = PBXBuildFile; fileRef = FEF87DE321976BBF00EFAD77 /* Docs.string.swift */; };
/* End PBXBuildFile section */

/* Begin PBXContainerItemProxy section */
		FEF87DC721976A1A00EFAD77 /* PBXContainerItemProxy */ = {
			isa = PBXContainerItemProxy;
			containerPortal = FEF87DAA21976A1800EFAD77 /* Project object */;
			proxyType = 1;
			remoteGlobalIDString = FEF87DB121976A1900EFAD77;
			remoteInfo = BuildMe;
		};
		FEF87DD221976A1A00EFAD77 /* PBXContainerItemProxy */ = {
			isa = PBXContainerItemProxy;
			containerPortal = FEF87DAA21976A1800EFAD77 /* Project object */;
			proxyType = 1;
			remoteGlobalIDString = FEF87DB121976A1900EFAD77;
			remoteInfo = BuildMe;
		};
/* End PBXContainerItemProxy section */

/* Begin PBXFileReference section */
		FEF87DB221976A1900EFAD77 /* BuildMe.app */ = {isa = PBXFileReference; explicitFileType = wrapper.application; includeInIndex = 0; path = BuildMe.app; sourceTree = BUILT_PRODUCTS_DIR; };
		FEF87DB521976A1900EFAD77 /* AppDelegate.swift */ = {isa = PBXFileReference; lastKnownFileType = sourcecode.swift; path = AppDelegate.swift; sourceTree = "<group>"; };
		FEF87DB721976A1900EFAD77 /* MainController.swift */ = {isa = PBXFileReference; lastKnownFileType = sourcecode.swift; path = MainController.swift; sourceTree = "<group>"; };
		FEF87DBA21976A1900EFAD77 /* Base */ = {isa = PBXFileReference; lastKnownFileType = file.storyboard; name = Base; path = Base.lproj/Main.storyboard; sourceTree = "<group>"; };
		FEF87DBC21976A1A00EFAD77 /* Assets.xcassets */ = {isa = PBXFileReference; lastKnownFileType = folder.assetcatalog; path = Assets.xcassets; sourceTree = "<group>"; };
		FEF87DBF21976A1A00EFAD77 /* Base */ = {isa = PBXFileReference; lastKnownFileType = file.storyboard; name = Base; path = Base.lproj/LaunchScreen.storyboard; sourceTree = "<group>"; };
		FEF87DC121976A1A00EFAD77 /* Info.plist */ = {isa = PBXFileReference; lastKnownFileType = text.plist.xml; path = Info.plist; sourceTree = "<group>"; };
		FEF87DC621976A1A00EFAD77 /* BuildMeTests.xctest */ = {isa = PBXFileReference; explicitFileType = wrapper.cfbundle; includeInIndex = 0; path = BuildMeTests.xctest; sourceTree = BUILT_PRODUCTS_DIR; };
		FEF87DCA21976A1A00EFAD77 /* BuildMeTests.swift */ = {isa = PBXFileReference; lastKnownFileType = sourcecode.swift; path = BuildMeTests.swift; sourceTree = "<group>"; };
		FEF87DCC21976A1A00EFAD77 /* Info.plist */ = {isa = PBXFileReference; lastKnownFileType = text.plist.xml; path = Info.plist; sourceTree = "<group>"; };
		FEF87DD121976A1A00EFAD77 /* BuildMeUITests.xctest */ = {isa = PBXFileReference; explicitFileType = wrapper.cfbundle; includeInIndex = 0; path = BuildMeUITests.xctest; sourceTree = BUILT_PRODUCTS_DIR; };
		FEF87DD521976A1A00EFAD77 /* BuildMeUITests.swift */ = {isa = PBXFileReference; lastKnownFileType = sourcecode.swift; path = BuildMeUITests.swift; sourceTree = "<group>"; };
		FEF87DD721976A1A00EFAD77 /* Info.plist */ = {isa = PBXFileReference; lastKnownFileType = text.plist.xml; path = Info.plist; sourceTree = "<group>"; };
		FEF87DE321976BBF00EFAD77 /* Docs.string.swift */ = {isa = PBXFileReference; lastKnownFileType = sourcecode.swift; path = Docs.string.swift; sourceTree = "<group>"; };
/* End PBXFileReference section */

/* Begin PBXFrameworksBuildPhase section */
		FEF87DAF21976A1900EFAD77 /* Frameworks */ = {
			isa = PBXFrameworksBuildPhase;
			buildActionMask = 2147483647;
			files = (
			);
			runOnlyForDeploymentPostprocessing = 0;
		};
		FEF87DC321976A1A00EFAD77 /* Frameworks */ = {
			isa = PBXFrameworksBuildPhase;
			buildActionMask = 2147483647;
			files = (
			);
			runOnlyForDeploymentPostprocessing = 0;
		};
		FEF87DCE21976A1A00EFAD77 /* Frameworks */ = {
			isa = PBXFrameworksBuildPhase;
			buildActionMask = 2147483647;
			files = (
			);
			runOnlyForDeploymentPostprocessing = 0;
		};
/* End PBXFrameworksBuildPhase section */

/* Begin PBXGroup section */
		FEF87DA921976A1800EFAD77 = {
			isa = PBXGroup;
			children = (
				FEF87DB421976A1900EFAD77 /* BuildMe */,
				FEF87DC921976A1A00EFAD77 /* BuildMeTests */,
				FEF87DD421976A1A00EFAD77 /* BuildMeUITests */,
				FEF87DB321976A1900EFAD77 /* Products */,
			);
			sourceTree = "<group>";
		};
		FEF87DB321976A1900EFAD77 /* Products */ = {
			isa = PBXGroup;
			children = (
				FEF87DB221976A1900EFAD77 /* BuildMe.app */,
				FEF87DC621976A1A00EFAD77 /* BuildMeTests.xctest */,
				FEF87DD121976A1A00EFAD77 /* BuildMeUITests.xctest */,
			);
			name = Products;
			sourceTree = "<group>";
		};
		FEF87DB421976A1900EFAD77 /* BuildMe */ = {
			isa = PBXGroup;
			children = (
				FEF87DE721976F3300EFAD77 /* Singletons */,
				FEF87DEB21976FD700EFAD77 /* App Design */,
				FEF87DE621976EFB00EFAD77 /* Google */,
				FEF87DE521976EF200EFAD77 /* Resources */,
			);
			path = BuildMe;
			sourceTree = "<group>";
		};
		FEF87DC921976A1A00EFAD77 /* BuildMeTests */ = {
			isa = PBXGroup;
			children = (
				FEF87DCA21976A1A00EFAD77 /* BuildMeTests.swift */,
				FEF87DCC21976A1A00EFAD77 /* Info.plist */,
			);
			path = BuildMeTests;
			sourceTree = "<group>";
		};
		FEF87DD421976A1A00EFAD77 /* BuildMeUITests */ = {
			isa = PBXGroup;
			children = (
				FEF87DD521976A1A00EFAD77 /* BuildMeUITests.swift */,
				FEF87DD721976A1A00EFAD77 /* Info.plist */,
			);
			path = BuildMeUITests;
			sourceTree = "<group>";
		};
		FEF87DE521976EF200EFAD77 /* Resources */ = {
			isa = PBXGroup;
			children = (
				FEF87DB921976A1900EFAD77 /* Main.storyboard */,
				FEF87DBE21976A1A00EFAD77 /* LaunchScreen.storyboard */,
				FEF87DBC21976A1A00EFAD77 /* Assets.xcassets */,
				FEF87DC121976A1A00EFAD77 /* Info.plist */,
			);
			path = Resources;
			sourceTree = "<group>";
		};
		FEF87DE621976EFB00EFAD77 /* Google */ = {
			isa = PBXGroup;
			children = (
			);
			path = Google;
			sourceTree = "<group>";
		};
		FEF87DE721976F3300EFAD77 /* Singletons */ = {
			isa = PBXGroup;
			children = (
				FEF87DB521976A1900EFAD77 /* AppDelegate.swift */,
				FEF87DE321976BBF00EFAD77 /* Docs.string.swift */,
			);
			path = Singletons;
			sourceTree = "<group>";
		};
		FEF87DE821976F9E00EFAD77 /* M */ = {
			isa = PBXGroup;
			children = (
			);
			path = M;
			sourceTree = "<group>";
		};
		FEF87DE921976FA600EFAD77 /* V */ = {
			isa = PBXGroup;
			children = (
				FEF87DB721976A1900EFAD77 /* MainController.swift */,
			);
			path = V;
			sourceTree = "<group>";
		};
		FEF87DEA21976FAB00EFAD77 /* C */ = {
			isa = PBXGroup;
			children = (
			);
			path = C;
			sourceTree = "<group>";
		};
		FEF87DEB21976FD700EFAD77 /* App Design */ = {
			isa = PBXGroup;
			children = (
				FEF87DE821976F9E00EFAD77 /* M */,
				FEF87DE921976FA600EFAD77 /* V */,
				FEF87DEA21976FAB00EFAD77 /* C */,
			);
			path = "App Design";
			sourceTree = "<group>";
		};
/* End PBXGroup section */

/* Begin PBXNativeTarget section */
		FEF87DB121976A1900EFAD77 /* BuildMe */ = {
			isa = PBXNativeTarget;
			buildConfigurationList = FEF87DDA21976A1A00EFAD77 /* Build configuration list for PBXNativeTarget "BuildMe" */;
			buildPhases = (
				FEF87DAE21976A1900EFAD77 /* Sources */,
				FEF87DAF21976A1900EFAD77 /* Frameworks */,
				FEF87DB021976A1900EFAD77 /* Resources */,
			);
			buildRules = (
			);
			dependencies = (
			);
			name = BuildMe;
			productName = BuildMe;
			productReference = FEF87DB221976A1900EFAD77 /* BuildMe.app */;
			productType = "com.apple.product-type.application";
		};
		FEF87DC521976A1A00EFAD77 /* BuildMeTests */ = {
			isa = PBXNativeTarget;
			buildConfigurationList = FEF87DDD21976A1A00EFAD77 /* Build configuration list for PBXNativeTarget "BuildMeTests" */;
			buildPhases = (
				FEF87DC221976A1A00EFAD77 /* Sources */,
				FEF87DC321976A1A00EFAD77 /* Frameworks */,
				FEF87DC421976A1A00EFAD77 /* Resources */,
			);
			buildRules = (
			);
			dependencies = (
				FEF87DC821976A1A00EFAD77 /* PBXTargetDependency */,
			);
			name = BuildMeTests;
			productName = BuildMeTests;
			productReference = FEF87DC621976A1A00EFAD77 /* BuildMeTests.xctest */;
			productType = "com.apple.product-type.bundle.unit-test";
		};
		FEF87DD021976A1A00EFAD77 /* BuildMeUITests */ = {
			isa = PBXNativeTarget;
			buildConfigurationList = FEF87DE021976A1A00EFAD77 /* Build configuration list for PBXNativeTarget "BuildMeUITests" */;
			buildPhases = (
				FEF87DCD21976A1A00EFAD77 /* Sources */,
				FEF87DCE21976A1A00EFAD77 /* Frameworks */,
				FEF87DCF21976A1A00EFAD77 /* Resources */,
			);
			buildRules = (
			);
			dependencies = (
				FEF87DD321976A1A00EFAD77 /* PBXTargetDependency */,
			);
			name = BuildMeUITests;
			productName = BuildMeUITests;
			productReference = FEF87DD121976A1A00EFAD77 /* BuildMeUITests.xctest */;
			productType = "com.apple.product-type.bundle.ui-testing";
		};
/* End PBXNativeTarget section */

/* Begin PBXProject section */
		FEF87DAA21976A1800EFAD77 /* Project object */ = {
			isa = PBXProject;
			attributes = {
				LastSwiftUpdateCheck = 1000;
				LastUpgradeCheck = 1000;
				ORGANIZATIONNAME = luxury;
				TargetAttributes = {
					FEF87DB121976A1900EFAD77 = {
						CreatedOnToolsVersion = 10.0;
					};
					FEF87DC521976A1A00EFAD77 = {
						CreatedOnToolsVersion = 10.0;
						TestTargetID = FEF87DB121976A1900EFAD77;
					};
					FEF87DD021976A1A00EFAD77 = {
						CreatedOnToolsVersion = 10.0;
						TestTargetID = FEF87DB121976A1900EFAD77;
					};
				};
			};
			buildConfigurationList = FEF87DAD21976A1800EFAD77 /* Build configuration list for PBXProject "BuildMe" */;
			compatibilityVersion = "Xcode 9.3";
			developmentRegion = en;
			hasScannedForEncodings = 0;
			knownRegions = (
				en,
				Base,
			);
			mainGroup = FEF87DA921976A1800EFAD77;
			productRefGroup = FEF87DB321976A1900EFAD77 /* Products */;
			projectDirPath = "";
			projectRoot = "";
			targets = (
				FEF87DB121976A1900EFAD77 /* BuildMe */,
				FEF87DC521976A1A00EFAD77 /* BuildMeTests */,
				FEF87DD021976A1A00EFAD77 /* BuildMeUITests */,
			);
		};
/* End PBXProject section */

/* Begin PBXResourcesBuildPhase section */
		FEF87DB021976A1900EFAD77 /* Resources */ = {
			isa = PBXResourcesBuildPhase;
			buildActionMask = 2147483647;
			files = (
				FEF87DC021976A1A00EFAD77 /* LaunchScreen.storyboard in Resources */,
				FEF87DBD21976A1A00EFAD77 /* Assets.xcassets in Resources */,
				FEF87DBB21976A1900EFAD77 /* Main.storyboard in Resources */,
			);
			runOnlyForDeploymentPostprocessing = 0;
		};
		FEF87DC421976A1A00EFAD77 /* Resources */ = {
			isa = PBXResourcesBuildPhase;
			buildActionMask = 2147483647;
			files = (
			);
			runOnlyForDeploymentPostprocessing = 0;
		};
		FEF87DCF21976A1A00EFAD77 /* Resources */ = {
			isa = PBXResourcesBuildPhase;
			buildActionMask = 2147483647;
			files = (
			);
			runOnlyForDeploymentPostprocessing = 0;
		};
/* End PBXResourcesBuildPhase section */

/* Begin PBXSourcesBuildPhase section */
		FEF87DAE21976A1900EFAD77 /* Sources */ = {
			isa = PBXSourcesBuildPhase;
			buildActionMask = 2147483647;
			files = (
				FEF87DB821976A1900EFAD77 /* MainController.swift in Sources */,
				FEF87DE421976BBF00EFAD77 /* Docs.string.swift in Sources */,
				FEF87DB621976A1900EFAD77 /* AppDelegate.swift in Sources */,
			);
			runOnlyForDeploymentPostprocessing = 0;
		};
		FEF87DC221976A1A00EFAD77 /* Sources */ = {
			isa = PBXSourcesBuildPhase;
			buildActionMask = 2147483647;
			files = (
				FEF87DCB21976A1A00EFAD77 /* BuildMeTests.swift in Sources */,
			);
			runOnlyForDeploymentPostprocessing = 0;
		};
		FEF87DCD21976A1A00EFAD77 /* Sources */ = {
			isa = PBXSourcesBuildPhase;
			buildActionMask = 2147483647;
			files = (
				FEF87DD621976A1A00EFAD77 /* BuildMeUITests.swift in Sources */,
			);
			runOnlyForDeploymentPostprocessing = 0;
		};
/* End PBXSourcesBuildPhase section */

/* Begin PBXTargetDependency section */
		FEF87DC821976A1A00EFAD77 /* PBXTargetDependency */ = {
			isa = PBXTargetDependency;
			target = FEF87DB121976A1900EFAD77 /* BuildMe */;
			targetProxy = FEF87DC721976A1A00EFAD77 /* PBXContainerItemProxy */;
		};
		FEF87DD321976A1A00EFAD77 /* PBXTargetDependency */ = {
			isa = PBXTargetDependency;
			target = FEF87DB121976A1900EFAD77 /* BuildMe */;
			targetProxy = FEF87DD221976A1A00EFAD77 /* PBXContainerItemProxy */;
		};
/* End PBXTargetDependency section */

/* Begin PBXVariantGroup section */
		FEF87DB921976A1900EFAD77 /* Main.storyboard */ = {
			isa = PBXVariantGroup;
			children = (
				FEF87DBA21976A1900EFAD77 /* Base */,
			);
			name = Main.storyboard;
			sourceTree = "<group>";
		};
		FEF87DBE21976A1A00EFAD77 /* LaunchScreen.storyboard */ = {
			isa = PBXVariantGroup;
			children = (
				FEF87DBF21976A1A00EFAD77 /* Base */,
			);
			name = LaunchScreen.storyboard;
			sourceTree = "<group>";
		};
/* End PBXVariantGroup section */

/* Begin XCBuildConfiguration section */
		FEF87DD821976A1A00EFAD77 /* Debug */ = {
			isa = XCBuildConfiguration;
			buildSettings = {
				ALWAYS_SEARCH_USER_PATHS = NO;
				CLANG_ANALYZER_NONNULL = YES;
				CLANG_ANALYZER_NUMBER_OBJECT_CONVERSION = YES_AGGRESSIVE;
				CLANG_CXX_LANGUAGE_STANDARD = "gnu++14";
				CLANG_CXX_LIBRARY = "libc++";
				CLANG_ENABLE_MODULES = YES;
				CLANG_ENABLE_OBJC_ARC = YES;
				CLANG_ENABLE_OBJC_WEAK = YES;
				CLANG_WARN_BLOCK_CAPTURE_AUTORELEASING = YES;
				CLANG_WARN_BOOL_CONVERSION = YES;
				CLANG_WARN_COMMA = YES;
				CLANG_WARN_CONSTANT_CONVERSION = YES;
				CLANG_WARN_DEPRECATED_OBJC_IMPLEMENTATIONS = YES;
				CLANG_WARN_DIRECT_OBJC_ISA_USAGE = YES_ERROR;
				CLANG_WARN_DOCUMENTATION_COMMENTS = YES;
				CLANG_WARN_EMPTY_BODY = YES;
				CLANG_WARN_ENUM_CONVERSION = YES;
				CLANG_WARN_INFINITE_RECURSION = YES;
				CLANG_WARN_INT_CONVERSION = YES;
				CLANG_WARN_NON_LITERAL_NULL_CONVERSION = YES;
				CLANG_WARN_OBJC_IMPLICIT_RETAIN_SELF = YES;
				CLANG_WARN_OBJC_LITERAL_CONVERSION = YES;
				CLANG_WARN_OBJC_ROOT_CLASS = YES_ERROR;
				CLANG_WARN_RANGE_LOOP_ANALYSIS = YES;
				CLANG_WARN_STRICT_PROTOTYPES = YES;
				CLANG_WARN_SUSPICIOUS_MOVE = YES;
				CLANG_WARN_UNGUARDED_AVAILABILITY = YES_AGGRESSIVE;
				CLANG_WARN_UNREACHABLE_CODE = YES;
				CLANG_WARN__DUPLICATE_METHOD_MATCH = YES;
				CODE_SIGN_IDENTITY = "iPhone Developer";
				COPY_PHASE_STRIP = NO;
				DEBUG_INFORMATION_FORMAT = dwarf;
				ENABLE_STRICT_OBJC_MSGSEND = YES;
				ENABLE_TESTABILITY = YES;
				GCC_C_LANGUAGE_STANDARD = gnu11;
				GCC_DYNAMIC_NO_PIC = NO;
				GCC_NO_COMMON_BLOCKS = YES;
				GCC_OPTIMIZATION_LEVEL = 0;
				GCC_PREPROCESSOR_DEFINITIONS = (
					"DEBUG=1",
					"$(inherited)",
				);
				GCC_WARN_64_TO_32_BIT_CONVERSION = YES;
				GCC_WARN_ABOUT_RETURN_TYPE = YES_ERROR;
				GCC_WARN_UNDECLARED_SELECTOR = YES;
				GCC_WARN_UNINITIALIZED_AUTOS = YES_AGGRESSIVE;
				GCC_WARN_UNUSED_FUNCTION = YES;
				GCC_WARN_UNUSED_VARIABLE = YES;
				IPHONEOS_DEPLOYMENT_TARGET = 12.0;
				MTL_ENABLE_DEBUG_INFO = INCLUDE_SOURCE;
				MTL_FAST_MATH = YES;
				ONLY_ACTIVE_ARCH = YES;
				SDKROOT = iphoneos;
				SWIFT_ACTIVE_COMPILATION_CONDITIONS = DEBUG;
				SWIFT_OPTIMIZATION_LEVEL = "-Onone";
			};
			name = Debug;
		};
		FEF87DD921976A1A00EFAD77 /* Release */ = {
			isa = XCBuildConfiguration;
			buildSettings = {
				ALWAYS_SEARCH_USER_PATHS = NO;
				CLANG_ANALYZER_NONNULL = YES;
				CLANG_ANALYZER_NUMBER_OBJECT_CONVERSION = YES_AGGRESSIVE;
				CLANG_CXX_LANGUAGE_STANDARD = "gnu++14";
				CLANG_CXX_LIBRARY = "libc++";
				CLANG_ENABLE_MODULES = YES;
				CLANG_ENABLE_OBJC_ARC = YES;
				CLANG_ENABLE_OBJC_WEAK = YES;
				CLANG_WARN_BLOCK_CAPTURE_AUTORELEASING = YES;
				CLANG_WARN_BOOL_CONVERSION = YES;
				CLANG_WARN_COMMA = YES;
				CLANG_WARN_CONSTANT_CONVERSION = YES;
				CLANG_WARN_DEPRECATED_OBJC_IMPLEMENTATIONS = YES;
				CLANG_WARN_DIRECT_OBJC_ISA_USAGE = YES_ERROR;
				CLANG_WARN_DOCUMENTATION_COMMENTS = YES;
				CLANG_WARN_EMPTY_BODY = YES;
				CLANG_WARN_ENUM_CONVERSION = YES;
				CLANG_WARN_INFINITE_RECURSION = YES;
				CLANG_WARN_INT_CONVERSION = YES;
				CLANG_WARN_NON_LITERAL_NULL_CONVERSION = YES;
				CLANG_WARN_OBJC_IMPLICIT_RETAIN_SELF = YES;
				CLANG_WARN_OBJC_LITERAL_CONVERSION = YES;
				CLANG_WARN_OBJC_ROOT_CLASS = YES_ERROR;
				CLANG_WARN_RANGE_LOOP_ANALYSIS = YES;
				CLANG_WARN_STRICT_PROTOTYPES = YES;
				CLANG_WARN_SUSPICIOUS_MOVE = YES;
				CLANG_WARN_UNGUARDED_AVAILABILITY = YES_AGGRESSIVE;
				CLANG_WARN_UNREACHABLE_CODE = YES;
				CLANG_WARN__DUPLICATE_METHOD_MATCH = YES;
				CODE_SIGN_IDENTITY = "iPhone Developer";
				COPY_PHASE_STRIP = NO;
				DEBUG_INFORMATION_FORMAT = "dwarf-with-dsym";
				ENABLE_NS_ASSERTIONS = NO;
				ENABLE_STRICT_OBJC_MSGSEND = YES;
				GCC_C_LANGUAGE_STANDARD = gnu11;
				GCC_NO_COMMON_BLOCKS = YES;
				GCC_WARN_64_TO_32_BIT_CONVERSION = YES;
				GCC_WARN_ABOUT_RETURN_TYPE = YES_ERROR;
				GCC_WARN_UNDECLARED_SELECTOR = YES;
				GCC_WARN_UNINITIALIZED_AUTOS = YES_AGGRESSIVE;
				GCC_WARN_UNUSED_FUNCTION = YES;
				GCC_WARN_UNUSED_VARIABLE = YES;
				IPHONEOS_DEPLOYMENT_TARGET = 12.0;
				MTL_ENABLE_DEBUG_INFO = NO;
				MTL_FAST_MATH = YES;
				SDKROOT = iphoneos;
				SWIFT_COMPILATION_MODE = wholemodule;
				SWIFT_OPTIMIZATION_LEVEL = "-O";
				VALIDATE_PRODUCT = YES;
			};
			name = Release;
		};
		FEF87DDB21976A1A00EFAD77 /* Debug */ = {
			isa = XCBuildConfiguration;
			buildSettings = {
				ASSETCATALOG_COMPILER_APPICON_NAME = AppIcon;
				CODE_SIGN_STYLE = Automatic;
				DEVELOPMENT_TEAM = DFUU36AARG;
				INFOPLIST_FILE = "$(SRCROOT)/BuildMe/Resources/Info.plist";
				LD_RUNPATH_SEARCH_PATHS = (
					"$(inherited)",
					"@executable_path/Frameworks",
				);
				PRODUCT_BUNDLE_IDENTIFIER = makeschool.BuildMe;
				PRODUCT_NAME = "$(TARGET_NAME)";
				SWIFT_VERSION = 4.2;
				TARGETED_DEVICE_FAMILY = "1,2";
			};
			name = Debug;
		};
		FEF87DDC21976A1A00EFAD77 /* Release */ = {
			isa = XCBuildConfiguration;
			buildSettings = {
				ASSETCATALOG_COMPILER_APPICON_NAME = AppIcon;
				CODE_SIGN_STYLE = Automatic;
				DEVELOPMENT_TEAM = DFUU36AARG;
				INFOPLIST_FILE = "$(SRCROOT)/BuildMe/Resources/Info.plist";
				LD_RUNPATH_SEARCH_PATHS = (
					"$(inherited)",
					"@executable_path/Frameworks",
				);
				PRODUCT_BUNDLE_IDENTIFIER = makeschool.BuildMe;
				PRODUCT_NAME = "$(TARGET_NAME)";
				SWIFT_VERSION = 4.2;
				TARGETED_DEVICE_FAMILY = "1,2";
			};
			name = Release;
		};
		FEF87DDE21976A1A00EFAD77 /* Debug */ = {
			isa = XCBuildConfiguration;
			buildSettings = {
				ALWAYS_EMBED_SWIFT_STANDARD_LIBRARIES = YES;
				BUNDLE_LOADER = "$(TEST_HOST)";
				CODE_SIGN_STYLE = Automatic;
				DEVELOPMENT_TEAM = DFUU36AARG;
				INFOPLIST_FILE = BuildMeTests/Info.plist;
				LD_RUNPATH_SEARCH_PATHS = (
					"$(inherited)",
					"@executable_path/Frameworks",
					"@loader_path/Frameworks",
				);
				PRODUCT_BUNDLE_IDENTIFIER = makeschool.BuildMeTests;
				PRODUCT_NAME = "$(TARGET_NAME)";
				SWIFT_VERSION = 4.2;
				TARGETED_DEVICE_FAMILY = "1,2";
				TEST_HOST = "$(BUILT_PRODUCTS_DIR)/BuildMe.app/BuildMe";
			};
			name = Debug;
		};
		FEF87DDF21976A1A00EFAD77 /* Release */ = {
			isa = XCBuildConfiguration;
			buildSettings = {
				ALWAYS_EMBED_SWIFT_STANDARD_LIBRARIES = YES;
				BUNDLE_LOADER = "$(TEST_HOST)";
				CODE_SIGN_STYLE = Automatic;
				DEVELOPMENT_TEAM = DFUU36AARG;
				INFOPLIST_FILE = BuildMeTests/Info.plist;
				LD_RUNPATH_SEARCH_PATHS = (
					"$(inherited)",
					"@executable_path/Frameworks",
					"@loader_path/Frameworks",
				);
				PRODUCT_BUNDLE_IDENTIFIER = makeschool.BuildMeTests;
				PRODUCT_NAME = "$(TARGET_NAME)";
				SWIFT_VERSION = 4.2;
				TARGETED_DEVICE_FAMILY = "1,2";
				TEST_HOST = "$(BUILT_PRODUCTS_DIR)/BuildMe.app/BuildMe";
			};
			name = Release;
		};
		FEF87DE121976A1A00EFAD77 /* Debug */ = {
			isa = XCBuildConfiguration;
			buildSettings = {
				ALWAYS_EMBED_SWIFT_STANDARD_LIBRARIES = YES;
				CODE_SIGN_STYLE = Automatic;
				DEVELOPMENT_TEAM = DFUU36AARG;
				INFOPLIST_FILE = BuildMeUITests/Info.plist;
				LD_RUNPATH_SEARCH_PATHS = (
					"$(inherited)",
					"@executable_path/Frameworks",
					"@loader_path/Frameworks",
				);
				PRODUCT_BUNDLE_IDENTIFIER = makeschool.BuildMeUITests;
				PRODUCT_NAME = "$(TARGET_NAME)";
				SWIFT_VERSION = 4.2;
				TARGETED_DEVICE_FAMILY = "1,2";
				TEST_TARGET_NAME = BuildMe;
			};
			name = Debug;
		};
		FEF87DE221976A1A00EFAD77 /* Release */ = {
			isa = XCBuildConfiguration;
			buildSettings = {
				ALWAYS_EMBED_SWIFT_STANDARD_LIBRARIES = YES;
				CODE_SIGN_STYLE = Automatic;
				DEVELOPMENT_TEAM = DFUU36AARG;
				INFOPLIST_FILE = BuildMeUITests/Info.plist;
				LD_RUNPATH_SEARCH_PATHS = (
					"$(inherited)",
					"@executable_path/Frameworks",
					"@loader_path/Frameworks",
				);
				PRODUCT_BUNDLE_IDENTIFIER = makeschool.BuildMeUITests;
				PRODUCT_NAME = "$(TARGET_NAME)";
				SWIFT_VERSION = 4.2;
				TARGETED_DEVICE_FAMILY = "1,2";
				TEST_TARGET_NAME = BuildMe;
			};
			name = Release;
		};
/* End XCBuildConfiguration section */

/* Begin XCConfigurationList section */
		FEF87DAD21976A1800EFAD77 /* Build configuration list for PBXProject "BuildMe" */ = {
			isa = XCConfigurationList;
			buildConfigurations = (
				FEF87DD821976A1A00EFAD77 /* Debug */,
				FEF87DD921976A1A00EFAD77 /* Release */,
			);
			defaultConfigurationIsVisible = 0;
			defaultConfigurationName = Release;
		};
		FEF87DDA21976A1A00EFAD77 /* Build configuration list for PBXNativeTarget "BuildMe" */ = {
			isa = XCConfigurationList;
			buildConfigurations = (
				FEF87DDB21976A1A00EFAD77 /* Debug */,
				FEF87DDC21976A1A00EFAD77 /* Release */,
			);
			defaultConfigurationIsVisible = 0;
			defaultConfigurationName = Release;
		};
		FEF87DDD21976A1A00EFAD77 /* Build configuration list for PBXNativeTarget "BuildMeTests" */ = {
			isa = XCConfigurationList;
			buildConfigurations = (
				FEF87DDE21976A1A00EFAD77 /* Debug */,
				FEF87DDF21976A1A00EFAD77 /* Release */,
			);
			defaultConfigurationIsVisible = 0;
			defaultConfigurationName = Release;
		};
		FEF87DE021976A1A00EFAD77 /* Build configuration list for PBXNativeTarget "BuildMeUITests" */ = {
			isa = XCConfigurationList;
			buildConfigurations = (
				FEF87DE121976A1A00EFAD77 /* Debug */,
				FEF87DE221976A1A00EFAD77 /* Release */,
			);
			defaultConfigurationIsVisible = 0;
			defaultConfigurationName = Release;
		};
/* End XCConfigurationList section */
	};
	rootObject = FEF87DAA21976A1800EFAD77 /* Project object */;
}
